Microsoft Visual Studio Solution File, Format Version 12.00
# Visual Studio Version 17
VisualStudioVersion = 17.5.2.0
MinimumVisualStudioVersion = 10.0.40219.1
Project("{FAE04EC0-301F-11D3-BF4B-00C04F79EFBC}") = "RendererProbe", "RendererProbe\RendererProbe.csproj", "{A925FC0A-5289-295E-4D9E-162B2909F3F1}"
EndProject
Global
	GlobalSection(SolutionConfigurationPlatforms) = preSolution
		Debug|Any CPU = Debug|Any CPU
		Release|Any CPU = Release|Any CPU
	EndGlobalSection
	GlobalSection(ProjectConfigurationPlatforms) = postSolution
		{A925FC0A-5289-295E-4D9E-162B2909F3F1}.Debug|Any CPU.ActiveCfg = Debug|Any CPU
		{A925FC0A-5289-295E-4D9E-162B2909F3F1}.Debug|Any CPU.Build.0 = Debug|Any CPU
		{A925FC0A-5289-295E-4D9E-162B2909F3F1}.Release|Any CPU.ActiveCfg = Release|Any CPU
		{A925FC0A-5289-295E-4D9E-162B2909F3F1}.Release|Any CPU.Build.0 = Release|Any CPU
	EndGlobalSection
	GlobalSection(SolutionProperties) = preSolution
		HideSolutionNode = FALSE
	EndGlobalSection
	GlobalSection(ExtensibilityGlobals) = postSolution
		SolutionGuid = {5D217331-2F94-47B3-8077-CA7196E5CA6F}
	EndGlobalSection
EndGlobal
